# This file is automatically generated by cargo-component.
# It is not intended for manual editing.
version = 1

[[package]]
name = "wasi:cli"

[[package.version]]
requirement = "^0.2.0"
version = "0.2.1"
digest = "sha256:3ecc55e42b2fef72492c380159006c675952647e45e07e1a7b23ffe343d863b8"

[[package]]
name = "wasi:http"

[[package.version]]
requirement = "^0.2.0"
version = "0.2.1"
digest = "sha256:a2e003de97f144467a05a545d376207267e82abb18741505a6b87aa40f4b33db"
